// !$*UTF8*$!
{
	archiveVersion = 1;
	classes = {
	};
	objectVersion = 56;
	objects = {

/* Begin PBXBuildFile section */
		0180136D2B0D500300809318 /* AppDelegate.swift in Sources */ = {isa = PBXBuildFile; fileRef = 0180136C2B0D500300809318 /* AppDelegate.swift */; };
		0180136F2B0D500300809318 /* SceneDelegate.swift in Sources */ = {isa = PBXBuildFile; fileRef = 0180136E2B0D500300809318 /* SceneDelegate.swift */; };
		018013712B0D500300809318 /* ViewController.swift in Sources */ = {isa = PBXBuildFile; fileRef = 018013702B0D500300809318 /* ViewController.swift */; };
		018013742B0D500300809318 /* Main.storyboard in Resources */ = {isa = PBXBuildFile; fileRef = 018013722B0D500300809318 /* Main.storyboard */; };
		018013762B0D500400809318 /* Assets.xcassets in Resources */ = {isa = PBXBuildFile; fileRef = 018013752B0D500400809318 /* Assets.xcassets */; };
		018013792B0D500400809318 /* LaunchScreen.storyboard in Resources */ = {isa = PBXBuildFile; fileRef = 018013772B0D500400809318 /* LaunchScreen.storyboard */; };
/* End PBXBuildFile section */

/* Begin PBXContainerItemProxy section */
		018013802B0D500400809318 /* PBXContainerItemProxy */ = {
			isa = PBXContainerItemProxy;
			containerPortal = 018013612B0D500300809318 /* Project object */;
			proxyType = 1;
			remoteGlobalIDString = 018013682B0D500300809318;
			remoteInfo = zadanie1;
		};
		0180138A2B0D500400809318 /* PBXContainerItemProxy */ = {
			isa = PBXContainerItemProxy;
			containerPortal = 018013612B0D500300809318 /* Project object */;
			proxyType = 1;
			remoteGlobalIDString = 018013682B0D500300809318;
			remoteInfo = zadanie1;
		};
/* End PBXContainerItemProxy section */

/* Begin PBXFileReference section */
		018013692B0D500300809318 /* zadanie1.app */ = {isa = PBXFileReference; explicitFileType = wrapper.application; includeInIndex = 0; path = zadanie1.app; sourceTree = BUILT_PRODUCTS_DIR; };
		0180136C2B0D500300809318 /* AppDelegate.swift */ = {isa = PBXFileReference; lastKnownFileType = sourcecode.swift; path = AppDelegate.swift; sourceTree = "<group>"; };
		0180136E2B0D500300809318 /* SceneDelegate.swift */ = {isa = PBXFileReference; lastKnownFileType = sourcecode.swift; path = SceneDelegate.swift; sourceTree = "<group>"; };
		018013702B0D500300809318 /* ViewController.swift */ = {isa = PBXFileReference; lastKnownFileType = sourcecode.swift; path = ViewController.swift; sourceTree = "<group>"; };
		018013732B0D500300809318 /* Base */ = {isa = PBXFileReference; lastKnownFileType = file.storyboard; name = Base; path = Base.lproj/Main.storyboard; sourceTree = "<group>"; };
		018013752B0D500400809318 /* Assets.xcassets */ = {isa = PBXFileReference; lastKnownFileType = folder.assetcatalog; path = Assets.xcassets; sourceTree = "<group>"; };
		018013782B0D500400809318 /* Base */ = {isa = PBXFileReference; lastKnownFileType = file.storyboard; name = Base; path = Base.lproj/LaunchScreen.storyboard; sourceTree = "<group>"; };
		0180137A2B0D500400809318 /* Info.plist */ = {isa = PBXFileReference; lastKnownFileType = text.plist.xml; path = Info.plist; sourceTree = "<group>"; };
		0180137F2B0D500400809318 /* zadanie1Tests.xctest */ = {isa = PBXFileReference; explicitFileType = wrapper.cfbundle; includeInIndex = 0; path = zadanie1Tests.xctest; sourceTree = BUILT_PRODUCTS_DIR; };
		018013892B0D500400809318 /* zadanie1UITests.xctest */ = {isa = PBXFileReference; explicitFileType = wrapper.cfbundle; includeInIndex = 0; path = zadanie1UITests.xctest; sourceTree = BUILT_PRODUCTS_DIR; };
/* End PBXFileReference section */

/* Begin PBXFrameworksBuildPhase section */
		018013662B0D500300809318 /* Frameworks */ = {
			isa = PBXFrameworksBuildPhase;
			buildActionMask = 2147483647;
			files = (
			);
			runOnlyForDeploymentPostprocessing = 0;
		};
		0180137C2B0D500400809318 /* Frameworks */ = {
			isa = PBXFrameworksBuildPhase;
			buildActionMask = 2147483647;
			files = (
			);
			runOnlyForDeploymentPostprocessing = 0;
		};
		018013862B0D500400809318 /* Frameworks */ = {
			isa = PBXFrameworksBuildPhase;
			buildActionMask = 2147483647;
			files = (
			);
			runOnlyForDeploymentPostprocessing = 0;
		};
/* End PBXFrameworksBuildPhase section */

/* Begin PBXGroup section */
		018013602B0D500300809318 = {
			isa = PBXGroup;
			children = (
				0180136B2B0D500300809318 /* zadanie1 */,
				0180136A2B0D500300809318 /* Products */,
			);
			sourceTree = "<group>";
		};
		0180136A2B0D500300809318 /* Products */ = {
			isa = PBXGroup;
			children = (
				018013692B0D500300809318 /* zadanie1.app */,
				0180137F2B0D500400809318 /* zadanie1Tests.xctest */,
				018013892B0D500400809318 /* zadanie1UITests.xctest */,
			);
			name = Products;
			sourceTree = "<group>";
		};
		0180136B2B0D500300809318 /* zadanie1 */ = {
			isa = PBXGroup;
			children = (
				0180136C2B0D500300809318 /* AppDelegate.swift */,
				0180136E2B0D500300809318 /* SceneDelegate.swift */,
				018013702B0D500300809318 /* ViewController.swift */,
				018013722B0D500300809318 /* Main.storyboard */,
				018013752B0D500400809318 /* Assets.xcassets */,
				018013772B0D500400809318 /* LaunchScreen.storyboard */,
				0180137A2B0D500400809318 /* Info.plist */,
			);
			path = zadanie1;
			sourceTree = "<group>";
		};
/* End PBXGroup section */

/* Begin PBXNativeTarget section */
		018013682B0D500300809318 /* zadanie1 */ = {
			isa = PBXNativeTarget;
			buildConfigurationList = 018013932B0D500400809318 /* Build configuration list for PBXNativeTarget "zadanie1" */;
			buildPhases = (
				018013652B0D500300809318 /* Sources */,
				018013662B0D500300809318 /* Frameworks */,
				018013672B0D500300809318 /* Resources */,
			);
			buildRules = (
			);
			dependencies = (
			);
			name = zadanie1;
			productName = zadanie1;
			productReference = 018013692B0D500300809318 /* zadanie1.app */;
			productType = "com.apple.product-type.application";
		};
		0180137E2B0D500400809318 /* zadanie1Tests */ = {
			isa = PBXNativeTarget;
			buildConfigurationList = 018013962B0D500400809318 /* Build configuration list for PBXNativeTarget "zadanie1Tests" */;
			buildPhases = (
				0180137B2B0D500400809318 /* Sources */,
				0180137C2B0D500400809318 /* Frameworks */,
				0180137D2B0D500400809318 /* Resources */,
			);
			buildRules = (
			);
			dependencies = (
				018013812B0D500400809318 /* PBXTargetDependency */,
			);
			name = zadanie1Tests;
			productName = zadanie1Tests;
			productReference = 0180137F2B0D500400809318 /* zadanie1Tests.xctest */;
			productType = "com.apple.product-type.bundle.unit-test";
		};
		018013882B0D500400809318 /* zadanie1UITests */ = {
			isa = PBXNativeTarget;
			buildConfigurationList = 018013992B0D500400809318 /* Build configuration list for PBXNativeTarget "zadanie1UITests" */;
			buildPhases = (
				018013852B0D500400809318 /* Sources */,
				018013862B0D500400809318 /* Frameworks */,
				018013872B0D500400809318 /* Resources */,
			);
			buildRules = (
			);
			dependencies = (
				0180138B2B0D500400809318 /* PBXTargetDependency */,
			);
			name = zadanie1UITests;
			productName = zadanie1UITests;
			productReference = 018013892B0D500400809318 /* zadanie1UITests.xctest */;
			productType = "com.apple.product-type.bundle.ui-testing";
		};
/* End PBXNativeTarget section */

/* Begin PBXProject section */
		018013612B0D500300809318 /* Project object */ = {
			isa = PBXProject;
			attributes = {
				BuildIndependentTargetsInParallel = 1;
				LastSwiftUpdateCheck = 1500;
				LastUpgradeCheck = 1500;
				TargetAttributes = {
					018013682B0D500300809318 = {
						CreatedOnToolsVersion = 15.0.1;
					};
					0180137E2B0D500400809318 = {
						CreatedOnToolsVersion = 15.0.1;
						TestTargetID = 018013682B0D500300809318;
					};
					018013882B0D500400809318 = {
						CreatedOnToolsVersion = 15.0.1;
						TestTargetID = 018013682B0D500300809318;
					};
				};
			};
			buildConfigurationList = 018013642B0D500300809318 /* Build configuration list for PBXProject "zadanie1" */;
			compatibilityVersion = "Xcode 14.0";
			developmentRegion = en;
			hasScannedForEncodings = 0;
			knownRegions = (
				en,
				Base,
			);
			mainGroup = 018013602B0D500300809318;
			productRefGroup = 0180136A2B0D500300809318 /* Products */;
			projectDirPath = "";
			projectRoot = "";
			targets = (
				018013682B0D500300809318 /* zadanie1 */,
				0180137E2B0D500400809318 /* zadanie1Tests */,
				018013882B0D500400809318 /* zadanie1UITests */,
			);
		};
/* End PBXProject section */

/* Begin PBXResourcesBuildPhase section */
		018013672B0D500300809318 /* Resources */ = {
			isa = PBXResourcesBuildPhase;
			buildActionMask = 2147483647;
			files = (
				018013792B0D500400809318 /* LaunchScreen.storyboard in Resources */,
				018013762B0D500400809318 /* Assets.xcassets in Resources */,
				018013742B0D500300809318 /* Main.storyboard in Resources */,
			);
			runOnlyForDeploymentPostprocessing = 0;
		};
		0180137D2B0D500400809318 /* Resources */ = {
			isa = PBXResourcesBuildPhase;
			buildActionMask = 2147483647;
			files = (
			);
			runOnlyForDeploymentPostprocessing = 0;
		};
		018013872B0D500400809318 /* Resources */ = {
			isa = PBXResourcesBuildPhase;
			buildActionMask = 2147483647;
			files = (
			);
			runOnlyForDeploymentPostprocessing = 0;
		};
/* End PBXResourcesBuildPhase section */

/* Begin PBXSourcesBuildPhase section */
		018013652B0D500300809318 /* Sources */ = {
			isa = PBXSourcesBuildPhase;
			buildActionMask = 2147483647;
			files = (
				018013712B0D500300809318 /* ViewController.swift in Sources */,
				0180136D2B0D500300809318 /* AppDelegate.swift in Sources */,
				0180136F2B0D500300809318 /* SceneDelegate.swift in Sources */,
			);
			runOnlyForDeploymentPostprocessing = 0;
		};
		0180137B2B0D500400809318 /* Sources */ = {
			isa = PBXSourcesBuildPhase;
			buildActionMask = 2147483647;
			files = (
			);
			runOnlyForDeploymentPostprocessing = 0;
		};
		018013852B0D500400809318 /* Sources */ = {
			isa = PBXSourcesBuildPhase;
			buildActionMask = 2147483647;
			files = (
			);
			runOnlyForDeploymentPostprocessing = 0;
		};
/* End PBXSourcesBuildPhase section */

/* Begin PBXTargetDependency section */
		018013812B0D500400809318 /* PBXTargetDependency */ = {
			isa = PBXTargetDependency;
			target = 018013682B0D500300809318 /* zadanie1 */;
			targetProxy = 018013802B0D500400809318 /* PBXContainerItemProxy */;
		};
		0180138B2B0D500400809318 /* PBXTargetDependency */ = {
			isa = PBXTargetDependency;
			target = 018013682B0D500300809318 /* zadanie1 */;
			targetProxy = 0180138A2B0D500400809318 /* PBXContainerItemProxy */;
		};
/* End PBXTargetDependency section */

/* Begin PBXVariantGroup section */
		018013722B0D500300809318 /* Main.storyboard */ = {
			isa = PBXVariantGroup;
			children = (
				018013732B0D500300809318 /* Base */,
			);
			name = Main.storyboard;
			sourceTree = "<group>";
		};
		018013772B0D500400809318 /* LaunchScreen.storyboard */ = {
			isa = PBXVariantGroup;
			children = (
				018013782B0D500400809318 /* Base */,
			);
			name = LaunchScreen.storyboard;
			sourceTree = "<group>";
		};
/* End PBXVariantGroup section */

/* Begin XCBuildConfiguration section */
		018013912B0D500400809318 /* Debug */ = {
			isa = XCBuildConfiguration;
			buildSettings = {
				ALWAYS_SEARCH_USER_PATHS = NO;
				ASSETCATALOG_COMPILER_GENERATE_SWIFT_ASSET_SYMBOL_EXTENSIONS = YES;
				CLANG_ANALYZER_NONNULL = YES;
				CLANG_ANALYZER_NUMBER_OBJECT_CONVERSION = YES_AGGRESSIVE;
				CLANG_CXX_LANGUAGE_STANDARD = "gnu++20";
				CLANG_ENABLE_MODULES = YES;
				CLANG_ENABLE_OBJC_ARC = YES;
				CLANG_ENABLE_OBJC_WEAK = YES;
				CLANG_WARN_BLOCK_CAPTURE_AUTORELEASING = YES;
				CLANG_WARN_BOOL_CONVERSION = YES;
				CLANG_WARN_COMMA = YES;
				CLANG_WARN_CONSTANT_CONVERSION = YES;
				CLANG_WARN_DEPRECATED_OBJC_IMPLEMENTATIONS = YES;
				CLANG_WARN_DIRECT_OBJC_ISA_USAGE = YES_ERROR;
				CLANG_WARN_DOCUMENTATION_COMMENTS = YES;
				CLANG_WARN_EMPTY_BODY = YES;
				CLANG_WARN_ENUM_CONVERSION = YES;
				CLANG_WARN_INFINITE_RECURSION = YES;
				CLANG_WARN_INT_CONVERSION = YES;
				CLANG_WARN_NON_LITERAL_NULL_CONVERSION = YES;
				CLANG_WARN_OBJC_IMPLICIT_RETAIN_SELF = YES;
				CLANG_WARN_OBJC_LITERAL_CONVERSION = YES;
				CLANG_WARN_OBJC_ROOT_CLASS = YES_ERROR;
				CLANG_WARN_QUOTED_INCLUDE_IN_FRAMEWORK_HEADER = YES;
				CLANG_WARN_RANGE_LOOP_ANALYSIS = YES;
				CLANG_WARN_STRICT_PROTOTYPES = YES;
				CLANG_WARN_SUSPICIOUS_MOVE = YES;
				CLANG_WARN_UNGUARDED_AVAILABILITY = YES_AGGRESSIVE;
				CLANG_WARN_UNREACHABLE_CODE = YES;
				CLANG_WARN__DUPLICATE_METHOD_MATCH = YES;
				COPY_PHASE_STRIP = NO;
				DEBUG_INFORMATION_FORMAT = dwarf;
				ENABLE_STRICT_OBJC_MSGSEND = YES;
				ENABLE_TESTABILITY = YES;
				ENABLE_USER_SCRIPT_SANDBOXING = YES;
				GCC_C_LANGUAGE_STANDARD = gnu17;
				GCC_DYNAMIC_NO_PIC = NO;
				GCC_NO_COMMON_BLOCKS = YES;
				GCC_OPTIMIZATION_LEVEL = 0;
				GCC_PREPROCESSOR_DEFINITIONS = (
					"DEBUG=1",
					"$(inherited)",
				);
				GCC_WARN_64_TO_32_BIT_CONVERSION = YES;
				GCC_WARN_ABOUT_RETURN_TYPE = YES_ERROR;
				GCC_WARN_UNDECLARED_SELECTOR = YES;
				GCC_WARN_UNINITIALIZED_AUTOS = YES_AGGRESSIVE;
				GCC_WARN_UNUSED_FUNCTION = YES;
				GCC_WARN_UNUSED_VARIABLE = YES;
				IPHONEOS_DEPLOYMENT_TARGET = 17.0;
				LOCALIZATION_PREFERS_STRING_CATALOGS = YES;
				MTL_ENABLE_DEBUG_INFO = INCLUDE_SOURCE;
				MTL_FAST_MATH = YES;
				ONLY_ACTIVE_ARCH = YES;
				SDKROOT = iphoneos;
				SWIFT_ACTIVE_COMPILATION_CONDITIONS = "DEBUG $(inherited)";
				SWIFT_OPTIMIZATION_LEVEL = "-Onone";
			};
			name = Debug;
		};
		018013922B0D500400809318 /* Release */ = {
			isa = XCBuildConfiguration;
			buildSettings = {
				ALWAYS_SEARCH_USER_PATHS = NO;
				ASSETCATALOG_COMPILER_GENERATE_SWIFT_ASSET_SYMBOL_EXTENSIONS = YES;
				CLANG_ANALYZER_NONNULL = YES;
				CLANG_ANALYZER_NUMBER_OBJECT_CONVERSION = YES_AGGRESSIVE;
				CLANG_CXX_LANGUAGE_STANDARD = "gnu++20";
				CLANG_ENABLE_MODULES = YES;
				CLANG_ENABLE_OBJC_ARC = YES;
				CLANG_ENABLE_OBJC_WEAK = YES;
				CLANG_WARN_BLOCK_CAPTURE_AUTORELEASING = YES;
				CLANG_WARN_BOOL_CONVERSION = YES;
				CLANG_WARN_COMMA = YES;
				CLANG_WARN_CONSTANT_CONVERSION = YES;
				CLANG_WARN_DEPRECATED_OBJC_IMPLEMENTATIONS = YES;
				CLANG_WARN_DIRECT_OBJC_ISA_USAGE = YES_ERROR;
				CLANG_WARN_DOCUMENTATION_COMMENTS = YES;
				CLANG_WARN_EMPTY_BODY = YES;
				CLANG_WARN_ENUM_CONVERSION = YES;
				CLANG_WARN_INFINITE_RECURSION = YES;
				CLANG_WARN_INT_CONVERSION = YES;
				CLANG_WARN_NON_LITERAL_NULL_CONVERSION = YES;
				CLANG_WARN_OBJC_IMPLICIT_RETAIN_SELF = YES;
				CLANG_WARN_OBJC_LITERAL_CONVERSION = YES;
				CLANG_WARN_OBJC_ROOT_CLASS = YES_ERROR;
				CLANG_WARN_QUOTED_INCLUDE_IN_FRAMEWORK_HEADER = YES;
				CLANG_WARN_RANGE_LOOP_ANALYSIS = YES;
				CLANG_WARN_STRICT_PROTOTYPES = YES;
				CLANG_WARN_SUSPICIOUS_MOVE = YES;
				CLANG_WARN_UNGUARDED_AVAILABILITY = YES_AGGRESSIVE;
				CLANG_WARN_UNREACHABLE_CODE = YES;
				CLANG_WARN__DUPLICATE_METHOD_MATCH = YES;
				COPY_PHASE_STRIP = NO;
				DEBUG_INFORMATION_FORMAT = "dwarf-with-dsym";
				ENABLE_NS_ASSERTIONS = NO;
				ENABLE_STRICT_OBJC_MSGSEND = YES;
				ENABLE_USER_SCRIPT_SANDBOXING = YES;
				GCC_C_LANGUAGE_STANDARD = gnu17;
				GCC_NO_COMMON_BLOCKS = YES;
				GCC_WARN_64_TO_32_BIT_CONVERSION = YES;
				GCC_WARN_ABOUT_RETURN_TYPE = YES_ERROR;
				GCC_WARN_UNDECLARED_SELECTOR = YES;
				GCC_WARN_UNINITIALIZED_AUTOS = YES_AGGRESSIVE;
				GCC_WARN_UNUSED_FUNCTION = YES;
				GCC_WARN_UNUSED_VARIABLE = YES;
				IPHONEOS_DEPLOYMENT_TARGET = 17.0;
				LOCALIZATION_PREFERS_STRING_CATALOGS = YES;
				MTL_ENABLE_DEBUG_INFO = NO;
				MTL_FAST_MATH = YES;
				SDKROOT = iphoneos;
				SWIFT_COMPILATION_MODE = wholemodule;
				VALIDATE_PRODUCT = YES;
			};
			name = Release;
		};
		018013942B0D500400809318 /* Debug */ = {
			isa = XCBuildConfiguration;
			buildSettings = {
				ASSETCATALOG_COMPILER_APPICON_NAME = AppIcon;
				ASSETCATALOG_COMPILER_GLOBAL_ACCENT_COLOR_NAME = AccentColor;
				CODE_SIGN_STYLE = Automatic;
				CURRENT_PROJECT_VERSION = 1;
				GENERATE_INFOPLIST_FILE = YES;
				INFOPLIST_FILE = zadanie1/Info.plist;
				INFOPLIST_KEY_UIApplicationSupportsIndirectInputEvents = YES;
				INFOPLIST_KEY_UILaunchStoryboardName = LaunchScreen;
				INFOPLIST_KEY_UIMainStoryboardFile = Main;
				INFOPLIST_KEY_UISupportedInterfaceOrientations_iPad = "UIInterfaceOrientationPortrait UIInterfaceOrientationPortraitUpsideDown UIInterfaceOrientationLandscapeLeft UIInterfaceOrientationLandscapeRight";
				INFOPLIST_KEY_UISupportedInterfaceOrientations_iPhone = "UIInterfaceOrientationPortrait UIInterfaceOrientationLandscapeLeft UIInterfaceOrientationLandscapeRight";
				LD_RUNPATH_SEARCH_PATHS = (
					"$(inherited)",
					"@executable_path/Frameworks",
				);
				MARKETING_VERSION = 1.0;
				PRODUCT_BUNDLE_IDENTIFIER = bestemic.zadanie1;
				PRODUCT_NAME = "$(TARGET_NAME)";
				SWIFT_EMIT_LOC_STRINGS = YES;
				SWIFT_VERSION = 5.0;
				TARGETED_DEVICE_FAMILY = "1,2";
			};
			name = Debug;
		};
		018013952B0D500400809318 /* Release */ = {
			isa = XCBuildConfiguration;
			buildSettings = {
				ASSETCATALOG_COMPILER_APPICON_NAME = AppIcon;
				ASSETCATALOG_COMPILER_GLOBAL_ACCENT_COLOR_NAME = AccentColor;
				CODE_SIGN_STYLE = Automatic;
				CURRENT_PROJECT_VERSION = 1;
				GENERATE_INFOPLIST_FILE = YES;
				INFOPLIST_FILE = zadanie1/Info.plist;
				INFOPLIST_KEY_UIApplicationSupportsIndirectInputEvents = YES;
				INFOPLIST_KEY_UILaunchStoryboardName = LaunchScreen;
				INFOPLIST_KEY_UIMainStoryboardFile = Main;
				INFOPLIST_KEY_UISupportedInterfaceOrientations_iPad = "UIInterfaceOrientationPortrait UIInterfaceOrientationPortraitUpsideDown UIInterfaceOrientationLandscapeLeft UIInterfaceOrientationLandscapeRight";
				INFOPLIST_KEY_UISupportedInterfaceOrientations_iPhone = "UIInterfaceOrientationPortrait UIInterfaceOrientationLandscapeLeft UIInterfaceOrientationLandscapeRight";
				LD_RUNPATH_SEARCH_PATHS = (
					"$(inherited)",
					"@executable_path/Frameworks",
				);
				MARKETING_VERSION = 1.0;
				PRODUCT_BUNDLE_IDENTIFIER = bestemic.zadanie1;
				PRODUCT_NAME = "$(TARGET_NAME)";
				SWIFT_EMIT_LOC_STRINGS = YES;
				SWIFT_VERSION = 5.0;
				TARGETED_DEVICE_FAMILY = "1,2";
			};
			name = Release;
		};
		018013972B0D500400809318 /* Debug */ = {
			isa = XCBuildConfiguration;
			buildSettings = {
				ALWAYS_EMBED_SWIFT_STANDARD_LIBRARIES = YES;
				BUNDLE_LOADER = "$(TEST_HOST)";
				CODE_SIGN_STYLE = Automatic;
				CURRENT_PROJECT_VERSION = 1;
				GENERATE_INFOPLIST_FILE = YES;
				IPHONEOS_DEPLOYMENT_TARGET = 17.0;
				MARKETING_VERSION = 1.0;
				PRODUCT_BUNDLE_IDENTIFIER = bestemic.zadanie1Tests;
				PRODUCT_NAME = "$(TARGET_NAME)";
				SWIFT_EMIT_LOC_STRINGS = NO;
				SWIFT_VERSION = 5.0;
				TARGETED_DEVICE_FAMILY = "1,2";
				TEST_HOST = "$(BUILT_PRODUCTS_DIR)/zadanie1.app/$(BUNDLE_EXECUTABLE_FOLDER_PATH)/zadanie1";
			};
			name = Debug;
		};
		018013982B0D500400809318 /* Release */ = {
			isa = XCBuildConfiguration;
			buildSettings = {
				ALWAYS_EMBED_SWIFT_STANDARD_LIBRARIES = YES;
				BUNDLE_LOADER = "$(TEST_HOST)";
				CODE_SIGN_STYLE = Automatic;
				CURRENT_PROJECT_VERSION = 1;
				GENERATE_INFOPLIST_FILE = YES;
				IPHONEOS_DEPLOYMENT_TARGET = 17.0;
				MARKETING_VERSION = 1.0;
				PRODUCT_BUNDLE_IDENTIFIER = bestemic.zadanie1Tests;
				PRODUCT_NAME = "$(TARGET_NAME)";
				SWIFT_EMIT_LOC_STRINGS = NO;
				SWIFT_VERSION = 5.0;
				TARGETED_DEVICE_FAMILY = "1,2";
				TEST_HOST = "$(BUILT_PRODUCTS_DIR)/zadanie1.app/$(BUNDLE_EXECUTABLE_FOLDER_PATH)/zadanie1";
			};
			name = Release;
		};
		0180139A2B0D500400809318 /* Debug */ = {
			isa = XCBuildConfiguration;
			buildSettings = {
				ALWAYS_EMBED_SWIFT_STANDARD_LIBRARIES = YES;
				CODE_SIGN_STYLE = Automatic;
				CURRENT_PROJECT_VERSION = 1;
				GENERATE_INFOPLIST_FILE = YES;
				MARKETING_VERSION = 1.0;
				PRODUCT_BUNDLE_IDENTIFIER = bestemic.zadanie1UITests;
				PRODUCT_NAME = "$(TARGET_NAME)";
				SWIFT_EMIT_LOC_STRINGS = NO;
				SWIFT_VERSION = 5.0;
				TARGETED_DEVICE_FAMILY = "1,2";
				TEST_TARGET_NAME = zadanie1;
			};
			name = Debug;
		};
		0180139B2B0D500400809318 /* Release */ = {
			isa = XCBuildConfiguration;
			buildSettings = {
				ALWAYS_EMBED_SWIFT_STANDARD_LIBRARIES = YES;
				CODE_SIGN_STYLE = Automatic;
				CURRENT_PROJECT_VERSION = 1;
				GENERATE_INFOPLIST_FILE = YES;
				MARKETING_VERSION = 1.0;
				PRODUCT_BUNDLE_IDENTIFIER = bestemic.zadanie1UITests;
				PRODUCT_NAME = "$(TARGET_NAME)";
				SWIFT_EMIT_LOC_STRINGS = NO;
				SWIFT_VERSION = 5.0;
				TARGETED_DEVICE_FAMILY = "1,2";
				TEST_TARGET_NAME = zadanie1;
			};
			name = Release;
		};
/* End XCBuildConfiguration section */

/* Begin XCConfigurationList section */
		018013642B0D500300809318 /* Build configuration list for PBXProject "zadanie1" */ = {
			isa = XCConfigurationList;
			buildConfigurations = (
				018013912B0D500400809318 /* Debug */,
				018013922B0D500400809318 /* Release */,
			);
			defaultConfigurationIsVisible = 0;
			defaultConfigurationName = Release;
		};
		018013932B0D500400809318 /* Build configuration list for PBXNativeTarget "zadanie1" */ = {
			isa = XCConfigurationList;
			buildConfigurations = (
				018013942B0D500400809318 /* Debug */,
				018013952B0D500400809318 /* Release */,
			);
			defaultConfigurationIsVisible = 0;
			defaultConfigurationName = Release;
		};
		018013962B0D500400809318 /* Build configuration list for PBXNativeTarget "zadanie1Tests" */ = {
			isa = XCConfigurationList;
			buildConfigurations = (
				018013972B0D500400809318 /* Debug */,
				018013982B0D500400809318 /* Release */,
			);
			defaultConfigurationIsVisible = 0;
			defaultConfigurationName = Release;
		};
		018013992B0D500400809318 /* Build configuration list for PBXNativeTarget "zadanie1UITests" */ = {
			isa = XCConfigurationList;
			buildConfigurations = (
				0180139A2B0D500400809318 /* Debug */,
				0180139B2B0D500400809318 /* Release */,
			);
			defaultConfigurationIsVisible = 0;
			defaultConfigurationName = Release;
		};
/* End XCConfigurationList section */
	};
	rootObject = 018013612B0D500300809318 /* Project object */;
}
